
Microsoft Visual Studio Solution File, Format Version 12.00
# Visual Studio Version 17
VisualStudioVersion = 17.11.35327.3
MinimumVisualStudioVersion = 10.0.40219.1
Project("{FAE04EC0-301F-11D3-BF4B-00C04F79EFBC}") = "Reservas", "Reservas\Reservas.csproj", "{ECB005EB-D78B-4EFE-93B8-FF1D32F9F9B3}"
EndProject
Global
	GlobalSection(SolutionConfigurationPlatforms) = preSolution
		Debug|Any CPU = Debug|Any CPU
		Release|Any CPU = Release|Any CPU
	EndGlobalSection
	GlobalSection(ProjectConfigurationPlatforms) = postSolution
		{ECB005EB-D78B-4EFE-93B8-FF1D32F9F9B3}.Debug|Any CPU.ActiveCfg = Debug|Any CPU
		{ECB005EB-D78B-4EFE-93B8-FF1D32F9F9B3}.Debug|Any CPU.Build.0 = Debug|Any CPU
		{ECB005EB-D78B-4EFE-93B8-FF1D32F9F9B3}.Release|Any CPU.ActiveCfg = Release|Any CPU
		{ECB005EB-D78B-4EFE-93B8-FF1D32F9F9B3}.Release|Any CPU.Build.0 = Release|Any CPU
	EndGlobalSection
	GlobalSection(SolutionProperties) = preSolution
		HideSolutionNode = FALSE
	EndGlobalSection
	GlobalSection(ExtensibilityGlobals) = postSolution
		SolutionGuid = {6B8DE6A9-E3C4-4934-893B-FCB28393329B}
	EndGlobalSection
EndGlobal
